
Microsoft Visual Studio Solution File, Format Version 12.00
# Visual Studio Version 16
VisualStudioVersion = 16.0.29201.188
MinimumVisualStudioVersion = 10.0.40219.1
Project("{9A19103F-16F7-4668-BE54-9A1E7A4F7556}") = "GuestLogix.Web", "GuestLogix.Web\GuestLogix.Web.csproj", "{E3DB8CA2-0A21-4B09-80BD-F7313B82E25A}"
EndProject
Project("{9A19103F-16F7-4668-BE54-9A1E7A4F7556}") = "GuestLogix.Test", "GuestLogix.Test\GuestLogix.Test.csproj", "{EDAEFF19-9F77-4E62-B1B1-8B333F2E747B}"
EndProject
Project("{9A19103F-16F7-4668-BE54-9A1E7A4F7556}") = "GuestLogix.Core", "GuestLogix.Core\GuestLogix.Core.csproj", "{E21EFFE4-CD68-4F6C-8FEC-C8EB3E8693B8}"
EndProject
Global
	GlobalSection(SolutionConfigurationPlatforms) = preSolution
		Debug|Any CPU = Debug|Any CPU
		Release|Any CPU = Release|Any CPU
	EndGlobalSection
	GlobalSection(ProjectConfigurationPlatforms) = postSolution
		{E3DB8CA2-0A21-4B09-80BD-F7313B82E25A}.Debug|Any CPU.ActiveCfg = Debug|Any CPU
		{E3DB8CA2-0A21-4B09-80BD-F7313B82E25A}.Debug|Any CPU.Build.0 = Debug|Any CPU
		{E3DB8CA2-0A21-4B09-80BD-F7313B82E25A}.Release|Any CPU.ActiveCfg = Release|Any CPU
		{E3DB8CA2-0A21-4B09-80BD-F7313B82E25A}.Release|Any CPU.Build.0 = Release|Any CPU
		{EDAEFF19-9F77-4E62-B1B1-8B333F2E747B}.Debug|Any CPU.ActiveCfg = Debug|Any CPU
		{EDAEFF19-9F77-4E62-B1B1-8B333F2E747B}.Debug|Any CPU.Build.0 = Debug|Any CPU
		{EDAEFF19-9F77-4E62-B1B1-8B333F2E747B}.Release|Any CPU.ActiveCfg = Release|Any CPU
		{EDAEFF19-9F77-4E62-B1B1-8B333F2E747B}.Release|Any CPU.Build.0 = Release|Any CPU
		{E21EFFE4-CD68-4F6C-8FEC-C8EB3E8693B8}.Debug|Any CPU.ActiveCfg = Debug|Any CPU
		{E21EFFE4-CD68-4F6C-8FEC-C8EB3E8693B8}.Debug|Any CPU.Build.0 = Debug|Any CPU
		{E21EFFE4-CD68-4F6C-8FEC-C8EB3E8693B8}.Release|Any CPU.ActiveCfg = Release|Any CPU
		{E21EFFE4-CD68-4F6C-8FEC-C8EB3E8693B8}.Release|Any CPU.Build.0 = Release|Any CPU
	EndGlobalSection
	GlobalSection(SolutionProperties) = preSolution
		HideSolutionNode = FALSE
	EndGlobalSection
	GlobalSection(ExtensibilityGlobals) = postSolution
		SolutionGuid = {D45788AD-5BBD-432E-9B70-23E078BA6815}
	EndGlobalSection
EndGlobal
